
Microsoft Visual Studio Solution File, Format Version 12.00
# Visual Studio 15
Project("{8BC9CEB8-8B4A-11D0-8D11-00A0C91BC942}") = "Premake_DKP", "Premake_DKP.vcxproj", "{A834F91D-14EA-7113-9DDE-6BEA09936817}"
EndProject
Global
	GlobalSection(SolutionConfigurationPlatforms) = preSolution
		Debug|ARM = Debug|ARM
	EndGlobalSection
	GlobalSection(ProjectConfigurationPlatforms) = postSolution
		{A834F91D-14EA-7113-9DDE-6BEA09936817}.Debug|ARM.ActiveCfg = Debug|ARM
		{A834F91D-14EA-7113-9DDE-6BEA09936817}.Debug|ARM.Build.0 = Debug|ARM
	EndGlobalSection
	GlobalSection(SolutionProperties) = preSolution
		HideSolutionNode = FALSE
	EndGlobalSection
EndGlobal
